
Microsoft Visual Studio Solution File, Format Version 12.00
# Visual Studio 15
VisualStudioVersion = 15.0.28307.539
MinimumVisualStudioVersion = 10.0.40219.1
Project("{FAE04EC0-301F-11D3-BF4B-00C04F79EFBC}") = "CheckInAppVS", "CheckInAppVS\CheckInAppVS.csproj", "{DD8DA1EF-BC2A-4F4D-AAA8-0B374DF6ED73}"
EndProject
Global
	GlobalSection(SolutionConfigurationPlatforms) = preSolution
		Debug|Any CPU = Debug|Any CPU
		Release|Any CPU = Release|Any CPU
	EndGlobalSection
	GlobalSection(ProjectConfigurationPlatforms) = postSolution
		{DD8DA1EF-BC2A-4F4D-AAA8-0B374DF6ED73}.Debug|Any CPU.ActiveCfg = Debug|Any CPU
		{DD8DA1EF-BC2A-4F4D-AAA8-0B374DF6ED73}.Debug|Any CPU.Build.0 = Debug|Any CPU
		{DD8DA1EF-BC2A-4F4D-AAA8-0B374DF6ED73}.Release|Any CPU.ActiveCfg = Release|Any CPU
		{DD8DA1EF-BC2A-4F4D-AAA8-0B374DF6ED73}.Release|Any CPU.Build.0 = Release|Any CPU
	EndGlobalSection
	GlobalSection(SolutionProperties) = preSolution
		HideSolutionNode = FALSE
	EndGlobalSection
	GlobalSection(ExtensibilityGlobals) = postSolution
		SolutionGuid = {7E33E7BA-ADF8-4C72-987C-98752B138A1A}
	EndGlobalSection
EndGlobal
